
Microsoft Visual Studio Solution File, Format Version 10.00
# Visual Studio 2008
Project("{FAE04EC0-301F-11D3-BF4B-00C04F79EFBC}") = "GraphicsBasics3D", "GraphicsBasics3D\GraphicsBasics3D.csproj", "{915B5CC7-EF33-4094-9E4E-1BDED61D15D7}"
EndProject
Global
	GlobalSection(SolutionConfigurationPlatforms) = preSolution
		Debug|Any CPU = Debug|Any CPU
		Release|Any CPU = Release|Any CPU
	EndGlobalSection
	GlobalSection(ProjectConfigurationPlatforms) = postSolution
		{915B5CC7-EF33-4094-9E4E-1BDED61D15D7}.Debug|Any CPU.ActiveCfg = Debug|Any CPU
		{915B5CC7-EF33-4094-9E4E-1BDED61D15D7}.Debug|Any CPU.Build.0 = Debug|Any CPU
		{915B5CC7-EF33-4094-9E4E-1BDED61D15D7}.Release|Any CPU.ActiveCfg = Release|Any CPU
		{915B5CC7-EF33-4094-9E4E-1BDED61D15D7}.Release|Any CPU.Build.0 = Release|Any CPU
	EndGlobalSection
	GlobalSection(SolutionProperties) = preSolution
		HideSolutionNode = FALSE
	EndGlobalSection
EndGlobal
