
Microsoft Visual Studio Solution File, Format Version 10.00
# Visual Studio 2008
Project("{FAE04EC0-301F-11D3-BF4B-00C04F79EFBC}") = "Interactive2DChart", "Interactive2DChart\Interactive2DChart.csproj", "{6BCE44FA-951F-4CC4-A049-CE2A392DCCBC}"
EndProject
Global
	GlobalSection(SolutionConfigurationPlatforms) = preSolution
		Debug|Any CPU = Debug|Any CPU
		Release|Any CPU = Release|Any CPU
	EndGlobalSection
	GlobalSection(ProjectConfigurationPlatforms) = postSolution
		{6BCE44FA-951F-4CC4-A049-CE2A392DCCBC}.Debug|Any CPU.ActiveCfg = Debug|Any CPU
		{6BCE44FA-951F-4CC4-A049-CE2A392DCCBC}.Debug|Any CPU.Build.0 = Debug|Any CPU
		{6BCE44FA-951F-4CC4-A049-CE2A392DCCBC}.Release|Any CPU.ActiveCfg = Release|Any CPU
		{6BCE44FA-951F-4CC4-A049-CE2A392DCCBC}.Release|Any CPU.Build.0 = Release|Any CPU
	EndGlobalSection
	GlobalSection(SolutionProperties) = preSolution
		HideSolutionNode = FALSE
	EndGlobalSection
EndGlobal
