
Microsoft Visual Studio Solution File, Format Version 10.00
# Visual Studio 2008
Project("{FAE04EC0-301F-11D3-BF4B-00C04F79EFBC}") = "WPFOverview", "WPFOverview\WPFOverview.csproj", "{E643F656-50FA-4473-BAB4-8E48613CEE23}"
EndProject
Global
	GlobalSection(SolutionConfigurationPlatforms) = preSolution
		Debug|Any CPU = Debug|Any CPU
		Release|Any CPU = Release|Any CPU
	EndGlobalSection
	GlobalSection(ProjectConfigurationPlatforms) = postSolution
		{E643F656-50FA-4473-BAB4-8E48613CEE23}.Debug|Any CPU.ActiveCfg = Debug|Any CPU
		{E643F656-50FA-4473-BAB4-8E48613CEE23}.Debug|Any CPU.Build.0 = Debug|Any CPU
		{E643F656-50FA-4473-BAB4-8E48613CEE23}.Release|Any CPU.ActiveCfg = Release|Any CPU
		{E643F656-50FA-4473-BAB4-8E48613CEE23}.Release|Any CPU.Build.0 = Release|Any CPU
	EndGlobalSection
	GlobalSection(SolutionProperties) = preSolution
		HideSolutionNode = FALSE
	EndGlobalSection
EndGlobal
